
Microsoft Visual Studio Solution File, Format Version 12.00
# Visual Studio Version 16
VisualStudioVersion = 16.0.31727.386
MinimumVisualStudioVersion = 10.0.40219.1
Project("{FAE04EC0-301F-11D3-BF4B-00C04F79EFBC}") = "TemperatureConverter", "TemperatureConverter\TemperatureConverter.csproj", "{0E71E891-89E5-48A9-9D52-2B2124971996}"
EndProject
Global
	GlobalSection(SolutionConfigurationPlatforms) = preSolution
		Debug|Any CPU = Debug|Any CPU
		Release|Any CPU = Release|Any CPU
	EndGlobalSection
	GlobalSection(ProjectConfigurationPlatforms) = postSolution
		{0E71E891-89E5-48A9-9D52-2B2124971996}.Debug|Any CPU.ActiveCfg = Debug|Any CPU
		{0E71E891-89E5-48A9-9D52-2B2124971996}.Debug|Any CPU.Build.0 = Debug|Any CPU
		{0E71E891-89E5-48A9-9D52-2B2124971996}.Release|Any CPU.ActiveCfg = Release|Any CPU
		{0E71E891-89E5-48A9-9D52-2B2124971996}.Release|Any CPU.Build.0 = Release|Any CPU
	EndGlobalSection
	GlobalSection(SolutionProperties) = preSolution
		HideSolutionNode = FALSE
	EndGlobalSection
	GlobalSection(ExtensibilityGlobals) = postSolution
		SolutionGuid = {A2405056-3D31-44D4-8DD3-A461B9D2099C}
	EndGlobalSection
EndGlobal
